
Microsoft Visual Studio Solution File, Format Version 12.00
# Visual Studio Version 17
VisualStudioVersion = 17.1.32210.238
MinimumVisualStudioVersion = 10.0.40219.1
Project("{FAE04EC0-301F-11D3-BF4B-00C04F79EFBC}") = "Gerenciador.Transferencia.WebAPI", "Gerenciador.Transferencia.WebAPI\Gerenciador.Transferencia.WebAPI.csproj", "{D6E8C9CD-376B-4085-AC41-060B60D21F38}"
EndProject
Project("{FAE04EC0-301F-11D3-BF4B-00C04F79EFBC}") = "Gerenciador.Transferencia.Application", "Gerenciador.Transferencia.Application\Gerenciador.Transferencia.Application.csproj", "{620050DC-56A0-4A28-A900-B64530E9BACA}"
EndProject
Project("{FAE04EC0-301F-11D3-BF4B-00C04F79EFBC}") = "Gerenciador.Transferencia.Infra", "Gerenciador.Transferencia.Infra\Gerenciador.Transferencia.Infra.csproj", "{0EF922F0-063E-4BF6-91B2-9F581C11A3A2}"
EndProject
Project("{FAE04EC0-301F-11D3-BF4B-00C04F79EFBC}") = "Gerenciador.Transferencia.Domain", "Gerenciador.Transferencia.Domain\Gerenciador.Transferencia.Domain.csproj", "{070EC943-2D47-45C9-B597-D7291B6A9EF9}"
EndProject
Project("{FAE04EC0-301F-11D3-BF4B-00C04F79EFBC}") = "Gerenciador.Transferencia.Infra.Data", "Gerenciador.Transferencia.Infra.Data\Gerenciador.Transferencia.Infra.Data.csproj", "{A00F1237-419B-4EC8-8104-B6F9F92E5828}"
EndProject
Project("{FAE04EC0-301F-11D3-BF4B-00C04F79EFBC}") = "Gerenciador.Transferencia.CrossCutting", "Gerenciador.Transferencia.CrossCutting\Gerenciador.Transferencia.CrossCutting.csproj", "{CEE0D66B-6581-4F46-8C77-4BA0839999C1}"
EndProject
Global
	GlobalSection(SolutionConfigurationPlatforms) = preSolution
		Debug|Any CPU = Debug|Any CPU
		Release|Any CPU = Release|Any CPU
	EndGlobalSection
	GlobalSection(ProjectConfigurationPlatforms) = postSolution
		{D6E8C9CD-376B-4085-AC41-060B60D21F38}.Debug|Any CPU.ActiveCfg = Debug|Any CPU
		{D6E8C9CD-376B-4085-AC41-060B60D21F38}.Debug|Any CPU.Build.0 = Debug|Any CPU
		{D6E8C9CD-376B-4085-AC41-060B60D21F38}.Release|Any CPU.ActiveCfg = Release|Any CPU
		{D6E8C9CD-376B-4085-AC41-060B60D21F38}.Release|Any CPU.Build.0 = Release|Any CPU
		{620050DC-56A0-4A28-A900-B64530E9BACA}.Debug|Any CPU.ActiveCfg = Debug|Any CPU
		{620050DC-56A0-4A28-A900-B64530E9BACA}.Debug|Any CPU.Build.0 = Debug|Any CPU
		{620050DC-56A0-4A28-A900-B64530E9BACA}.Release|Any CPU.ActiveCfg = Release|Any CPU
		{620050DC-56A0-4A28-A900-B64530E9BACA}.Release|Any CPU.Build.0 = Release|Any CPU
		{0EF922F0-063E-4BF6-91B2-9F581C11A3A2}.Debug|Any CPU.ActiveCfg = Debug|Any CPU
		{0EF922F0-063E-4BF6-91B2-9F581C11A3A2}.Debug|Any CPU.Build.0 = Debug|Any CPU
		{0EF922F0-063E-4BF6-91B2-9F581C11A3A2}.Release|Any CPU.ActiveCfg = Release|Any CPU
		{0EF922F0-063E-4BF6-91B2-9F581C11A3A2}.Release|Any CPU.Build.0 = Release|Any CPU
		{070EC943-2D47-45C9-B597-D7291B6A9EF9}.Debug|Any CPU.ActiveCfg = Debug|Any CPU
		{070EC943-2D47-45C9-B597-D7291B6A9EF9}.Debug|Any CPU.Build.0 = Debug|Any CPU
		{070EC943-2D47-45C9-B597-D7291B6A9EF9}.Release|Any CPU.ActiveCfg = Release|Any CPU
		{070EC943-2D47-45C9-B597-D7291B6A9EF9}.Release|Any CPU.Build.0 = Release|Any CPU
		{A00F1237-419B-4EC8-8104-B6F9F92E5828}.Debug|Any CPU.ActiveCfg = Debug|Any CPU
		{A00F1237-419B-4EC8-8104-B6F9F92E5828}.Debug|Any CPU.Build.0 = Debug|Any CPU
		{A00F1237-419B-4EC8-8104-B6F9F92E5828}.Release|Any CPU.ActiveCfg = Release|Any CPU
		{A00F1237-419B-4EC8-8104-B6F9F92E5828}.Release|Any CPU.Build.0 = Release|Any CPU
		{CEE0D66B-6581-4F46-8C77-4BA0839999C1}.Debug|Any CPU.ActiveCfg = Debug|Any CPU
		{CEE0D66B-6581-4F46-8C77-4BA0839999C1}.Debug|Any CPU.Build.0 = Debug|Any CPU
		{CEE0D66B-6581-4F46-8C77-4BA0839999C1}.Release|Any CPU.ActiveCfg = Release|Any CPU
		{CEE0D66B-6581-4F46-8C77-4BA0839999C1}.Release|Any CPU.Build.0 = Release|Any CPU
	EndGlobalSection
	GlobalSection(SolutionProperties) = preSolution
		HideSolutionNode = FALSE
	EndGlobalSection
	GlobalSection(ExtensibilityGlobals) = postSolution
		SolutionGuid = {B20C9676-9236-419A-A486-677BD7326471}
	EndGlobalSection
EndGlobal
